// !$*UTF8*$!
{
	archiveVersion = 1;
	classes = {
	};
	objectVersion = 50;
	objects = {

/* Begin PBXBuildFile section */
		2B1090D022DE2990005C9459 /* AppDelegate.swift in Sources */ = {isa = PBXBuildFile; fileRef = 2B1090CF22DE2990005C9459 /* AppDelegate.swift */; };
		2B1090D222DE2990005C9459 /* ViewController.swift in Sources */ = {isa = PBXBuildFile; fileRef = 2B1090D122DE2990005C9459 /* ViewController.swift */; };
		2B1090D522DE2990005C9459 /* Main.storyboard in Resources */ = {isa = PBXBuildFile; fileRef = 2B1090D322DE2990005C9459 /* Main.storyboard */; };
		2B1090D722DE2991005C9459 /* Assets.xcassets in Resources */ = {isa = PBXBuildFile; fileRef = 2B1090D622DE2991005C9459 /* Assets.xcassets */; };
		2B1090DA22DE2991005C9459 /* LaunchScreen.storyboard in Resources */ = {isa = PBXBuildFile; fileRef = 2B1090D822DE2991005C9459 /* LaunchScreen.storyboard */; };
		2B1090E522DE2991005C9459 /* Whats_The_WeatherTests.swift in Sources */ = {isa = PBXBuildFile; fileRef = 2B1090E422DE2991005C9459 /* Whats_The_WeatherTests.swift */; };
		2B1090F022DE2991005C9459 /* Whats_The_WeatherUITests.swift in Sources */ = {isa = PBXBuildFile; fileRef = 2B1090EF22DE2991005C9459 /* Whats_The_WeatherUITests.swift */; };
		2B1090FE22DE29BE005C9459 /* photo-1547603857-f9b4e0ef3317.jpeg in Resources */ = {isa = PBXBuildFile; fileRef = 2B1090FD22DE29BD005C9459 /* photo-1547603857-f9b4e0ef3317.jpeg */; };
/* End PBXBuildFile section */

/* Begin PBXContainerItemProxy section */
		2B1090E122DE2991005C9459 /* PBXContainerItemProxy */ = {
			isa = PBXContainerItemProxy;
			containerPortal = 2B1090C422DE2990005C9459 /* Project object */;
			proxyType = 1;
			remoteGlobalIDString = 2B1090CB22DE2990005C9459;
			remoteInfo = "Whats The Weather";
		};
		2B1090EC22DE2991005C9459 /* PBXContainerItemProxy */ = {
			isa = PBXContainerItemProxy;
			containerPortal = 2B1090C422DE2990005C9459 /* Project object */;
			proxyType = 1;
			remoteGlobalIDString = 2B1090CB22DE2990005C9459;
			remoteInfo = "Whats The Weather";
		};
/* End PBXContainerItemProxy section */

/* Begin PBXFileReference section */
		2B1090CC22DE2990005C9459 /* Whats The Weather.app */ = {isa = PBXFileReference; explicitFileType = wrapper.application; includeInIndex = 0; path = "Whats The Weather.app"; sourceTree = BUILT_PRODUCTS_DIR; };
		2B1090CF22DE2990005C9459 /* AppDelegate.swift */ = {isa = PBXFileReference; lastKnownFileType = sourcecode.swift; path = AppDelegate.swift; sourceTree = "<group>"; };
		2B1090D122DE2990005C9459 /* ViewController.swift */ = {isa = PBXFileReference; lastKnownFileType = sourcecode.swift; path = ViewController.swift; sourceTree = "<group>"; };
		2B1090D422DE2990005C9459 /* Base */ = {isa = PBXFileReference; lastKnownFileType = file.storyboard; name = Base; path = Base.lproj/Main.storyboard; sourceTree = "<group>"; };
		2B1090D622DE2991005C9459 /* Assets.xcassets */ = {isa = PBXFileReference; lastKnownFileType = folder.assetcatalog; path = Assets.xcassets; sourceTree = "<group>"; };
		2B1090D922DE2991005C9459 /* Base */ = {isa = PBXFileReference; lastKnownFileType = file.storyboard; name = Base; path = Base.lproj/LaunchScreen.storyboard; sourceTree = "<group>"; };
		2B1090DB22DE2991005C9459 /* Info.plist */ = {isa = PBXFileReference; lastKnownFileType = text.plist.xml; path = Info.plist; sourceTree = "<group>"; };
		2B1090E022DE2991005C9459 /* Whats The WeatherTests.xctest */ = {isa = PBXFileReference; explicitFileType = wrapper.cfbundle; includeInIndex = 0; path = "Whats The WeatherTests.xctest"; sourceTree = BUILT_PRODUCTS_DIR; };
		2B1090E422DE2991005C9459 /* Whats_The_WeatherTests.swift */ = {isa = PBXFileReference; lastKnownFileType = sourcecode.swift; path = Whats_The_WeatherTests.swift; sourceTree = "<group>"; };
		2B1090E622DE2991005C9459 /* Info.plist */ = {isa = PBXFileReference; lastKnownFileType = text.plist.xml; path = Info.plist; sourceTree = "<group>"; };
		2B1090EB22DE2991005C9459 /* Whats The WeatherUITests.xctest */ = {isa = PBXFileReference; explicitFileType = wrapper.cfbundle; includeInIndex = 0; path = "Whats The WeatherUITests.xctest"; sourceTree = BUILT_PRODUCTS_DIR; };
		2B1090EF22DE2991005C9459 /* Whats_The_WeatherUITests.swift */ = {isa = PBXFileReference; lastKnownFileType = sourcecode.swift; path = Whats_The_WeatherUITests.swift; sourceTree = "<group>"; };
		2B1090F122DE2991005C9459 /* Info.plist */ = {isa = PBXFileReference; lastKnownFileType = text.plist.xml; path = Info.plist; sourceTree = "<group>"; };
		2B1090FD22DE29BD005C9459 /* photo-1547603857-f9b4e0ef3317.jpeg */ = {isa = PBXFileReference; lastKnownFileType = image.jpeg; name = "photo-1547603857-f9b4e0ef3317.jpeg"; path = "../../../../Desktop/photo-1547603857-f9b4e0ef3317.jpeg"; sourceTree = "<group>"; };
/* End PBXFileReference section */

/* Begin PBXFrameworksBuildPhase section */
		2B1090C922DE2990005C9459 /* Frameworks */ = {
			isa = PBXFrameworksBuildPhase;
			buildActionMask = 2147483647;
			files = (
			);
			runOnlyForDeploymentPostprocessing = 0;
		};
		2B1090DD22DE2991005C9459 /* Frameworks */ = {
			isa = PBXFrameworksBuildPhase;
			buildActionMask = 2147483647;
			files = (
			);
			runOnlyForDeploymentPostprocessing = 0;
		};
		2B1090E822DE2991005C9459 /* Frameworks */ = {
			isa = PBXFrameworksBuildPhase;
			buildActionMask = 2147483647;
			files = (
			);
			runOnlyForDeploymentPostprocessing = 0;
		};
/* End PBXFrameworksBuildPhase section */

/* Begin PBXGroup section */
		2B1090C322DE2990005C9459 = {
			isa = PBXGroup;
			children = (
				2B1090CE22DE2990005C9459 /* Whats The Weather */,
				2B1090E322DE2991005C9459 /* Whats The WeatherTests */,
				2B1090EE22DE2991005C9459 /* Whats The WeatherUITests */,
				2B1090CD22DE2990005C9459 /* Products */,
			);
			sourceTree = "<group>";
		};
		2B1090CD22DE2990005C9459 /* Products */ = {
			isa = PBXGroup;
			children = (
				2B1090CC22DE2990005C9459 /* Whats The Weather.app */,
				2B1090E022DE2991005C9459 /* Whats The WeatherTests.xctest */,
				2B1090EB22DE2991005C9459 /* Whats The WeatherUITests.xctest */,
			);
			name = Products;
			sourceTree = "<group>";
		};
		2B1090CE22DE2990005C9459 /* Whats The Weather */ = {
			isa = PBXGroup;
			children = (
				2B1090CF22DE2990005C9459 /* AppDelegate.swift */,
				2B1090D122DE2990005C9459 /* ViewController.swift */,
				2B1090D322DE2990005C9459 /* Main.storyboard */,
				2B1090D622DE2991005C9459 /* Assets.xcassets */,
				2B1090D822DE2991005C9459 /* LaunchScreen.storyboard */,
				2B1090DB22DE2991005C9459 /* Info.plist */,
				2B1090FD22DE29BD005C9459 /* photo-1547603857-f9b4e0ef3317.jpeg */,
			);
			path = "Whats The Weather";
			sourceTree = "<group>";
		};
		2B1090E322DE2991005C9459 /* Whats The WeatherTests */ = {
			isa = PBXGroup;
			children = (
				2B1090E422DE2991005C9459 /* Whats_The_WeatherTests.swift */,
				2B1090E622DE2991005C9459 /* Info.plist */,
			);
			path = "Whats The WeatherTests";
			sourceTree = "<group>";
		};
		2B1090EE22DE2991005C9459 /* Whats The WeatherUITests */ = {
			isa = PBXGroup;
			children = (
				2B1090EF22DE2991005C9459 /* Whats_The_WeatherUITests.swift */,
				2B1090F122DE2991005C9459 /* Info.plist */,
			);
			path = "Whats The WeatherUITests";
			sourceTree = "<group>";
		};
/* End PBXGroup section */

/* Begin PBXNativeTarget section */
		2B1090CB22DE2990005C9459 /* Whats The Weather */ = {
			isa = PBXNativeTarget;
			buildConfigurationList = 2B1090F422DE2991005C9459 /* Build configuration list for PBXNativeTarget "Whats The Weather" */;
			buildPhases = (
				2B1090C822DE2990005C9459 /* Sources */,
				2B1090C922DE2990005C9459 /* Frameworks */,
				2B1090CA22DE2990005C9459 /* Resources */,
			);
			buildRules = (
			);
			dependencies = (
			);
			name = "Whats The Weather";
			productName = "Whats The Weather";
			productReference = 2B1090CC22DE2990005C9459 /* Whats The Weather.app */;
			productType = "com.apple.product-type.application";
		};
		2B1090DF22DE2991005C9459 /* Whats The WeatherTests */ = {
			isa = PBXNativeTarget;
			buildConfigurationList = 2B1090F722DE2991005C9459 /* Build configuration list for PBXNativeTarget "Whats The WeatherTests" */;
			buildPhases = (
				2B1090DC22DE2991005C9459 /* Sources */,
				2B1090DD22DE2991005C9459 /* Frameworks */,
				2B1090DE22DE2991005C9459 /* Resources */,
			);
			buildRules = (
			);
			dependencies = (
				2B1090E222DE2991005C9459 /* PBXTargetDependency */,
			);
			name = "Whats The WeatherTests";
			productName = "Whats The WeatherTests";
			productReference = 2B1090E022DE2991005C9459 /* Whats The WeatherTests.xctest */;
			productType = "com.apple.product-type.bundle.unit-test";
		};
		2B1090EA22DE2991005C9459 /* Whats The WeatherUITests */ = {
			isa = PBXNativeTarget;
			buildConfigurationList = 2B1090FA22DE2991005C9459 /* Build configuration list for PBXNativeTarget "Whats The WeatherUITests" */;
			buildPhases = (
				2B1090E722DE2991005C9459 /* Sources */,
				2B1090E822DE2991005C9459 /* Frameworks */,
				2B1090E922DE2991005C9459 /* Resources */,
			);
			buildRules = (
			);
			dependencies = (
				2B1090ED22DE2991005C9459 /* PBXTargetDependency */,
			);
			name = "Whats The WeatherUITests";
			productName = "Whats The WeatherUITests";
			productReference = 2B1090EB22DE2991005C9459 /* Whats The WeatherUITests.xctest */;
			productType = "com.apple.product-type.bundle.ui-testing";
		};
/* End PBXNativeTarget section */

/* Begin PBXProject section */
		2B1090C422DE2990005C9459 /* Project object */ = {
			isa = PBXProject;
			attributes = {
				LastSwiftUpdateCheck = 1010;
				LastUpgradeCheck = 1010;
				ORGANIZATIONNAME = "Solayman Rana";
				TargetAttributes = {
					2B1090CB22DE2990005C9459 = {
						CreatedOnToolsVersion = 10.1;
					};
					2B1090DF22DE2991005C9459 = {
						CreatedOnToolsVersion = 10.1;
						TestTargetID = 2B1090CB22DE2990005C9459;
					};
					2B1090EA22DE2991005C9459 = {
						CreatedOnToolsVersion = 10.1;
						TestTargetID = 2B1090CB22DE2990005C9459;
					};
				};
			};
			buildConfigurationList = 2B1090C722DE2990005C9459 /* Build configuration list for PBXProject "Whats The Weather" */;
			compatibilityVersion = "Xcode 9.3";
			developmentRegion = en;
			hasScannedForEncodings = 0;
			knownRegions = (
				en,
				Base,
			);
			mainGroup = 2B1090C322DE2990005C9459;
			productRefGroup = 2B1090CD22DE2990005C9459 /* Products */;
			projectDirPath = "";
			projectRoot = "";
			targets = (
				2B1090CB22DE2990005C9459 /* Whats The Weather */,
				2B1090DF22DE2991005C9459 /* Whats The WeatherTests */,
				2B1090EA22DE2991005C9459 /* Whats The WeatherUITests */,
			);
		};
/* End PBXProject section */

/* Begin PBXResourcesBuildPhase section */
		2B1090CA22DE2990005C9459 /* Resources */ = {
			isa = PBXResourcesBuildPhase;
			buildActionMask = 2147483647;
			files = (
				2B1090DA22DE2991005C9459 /* LaunchScreen.storyboard in Resources */,
				2B1090D722DE2991005C9459 /* Assets.xcassets in Resources */,
				2B1090D522DE2990005C9459 /* Main.storyboard in Resources */,
				2B1090FE22DE29BE005C9459 /* photo-1547603857-f9b4e0ef3317.jpeg in Resources */,
			);
			runOnlyForDeploymentPostprocessing = 0;
		};
		2B1090DE22DE2991005C9459 /* Resources */ = {
			isa = PBXResourcesBuildPhase;
			buildActionMask = 2147483647;
			files = (
			);
			runOnlyForDeploymentPostprocessing = 0;
		};
		2B1090E922DE2991005C9459 /* Resources */ = {
			isa = PBXResourcesBuildPhase;
			buildActionMask = 2147483647;
			files = (
			);
			runOnlyForDeploymentPostprocessing = 0;
		};
/* End PBXResourcesBuildPhase section */

/* Begin PBXSourcesBuildPhase section */
		2B1090C822DE2990005C9459 /* Sources */ = {
			isa = PBXSourcesBuildPhase;
			buildActionMask = 2147483647;
			files = (
				2B1090D222DE2990005C9459 /* ViewController.swift in Sources */,
				2B1090D022DE2990005C9459 /* AppDelegate.swift in Sources */,
			);
			runOnlyForDeploymentPostprocessing = 0;
		};
		2B1090DC22DE2991005C9459 /* Sources */ = {
			isa = PBXSourcesBuildPhase;
			buildActionMask = 2147483647;
			files = (
				2B1090E522DE2991005C9459 /* Whats_The_WeatherTests.swift in Sources */,
			);
			runOnlyForDeploymentPostprocessing = 0;
		};
		2B1090E722DE2991005C9459 /* Sources */ = {
			isa = PBXSourcesBuildPhase;
			buildActionMask = 2147483647;
			files = (
				2B1090F022DE2991005C9459 /* Whats_The_WeatherUITests.swift in Sources */,
			);
			runOnlyForDeploymentPostprocessing = 0;
		};
/* End PBXSourcesBuildPhase section */

/* Begin PBXTargetDependency section */
		2B1090E222DE2991005C9459 /* PBXTargetDependency */ = {
			isa = PBXTargetDependency;
			target = 2B1090CB22DE2990005C9459 /* Whats The Weather */;
			targetProxy = 2B1090E122DE2991005C9459 /* PBXContainerItemProxy */;
		};
		2B1090ED22DE2991005C9459 /* PBXTargetDependency */ = {
			isa = PBXTargetDependency;
			target = 2B1090CB22DE2990005C9459 /* Whats The Weather */;
			targetProxy = 2B1090EC22DE2991005C9459 /* PBXContainerItemProxy */;
		};
/* End PBXTargetDependency section */

/* Begin PBXVariantGroup section */
		2B1090D322DE2990005C9459 /* Main.storyboard */ = {
			isa = PBXVariantGroup;
			children = (
				2B1090D422DE2990005C9459 /* Base */,
			);
			name = Main.storyboard;
			sourceTree = "<group>";
		};
		2B1090D822DE2991005C9459 /* LaunchScreen.storyboard */ = {
			isa = PBXVariantGroup;
			children = (
				2B1090D922DE2991005C9459 /* Base */,
			);
			name = LaunchScreen.storyboard;
			sourceTree = "<group>";
		};
/* End PBXVariantGroup section */

/* Begin XCBuildConfiguration section */
		2B1090F222DE2991005C9459 /* Debug */ = {
			isa = XCBuildConfiguration;
			buildSettings = {
				ALWAYS_SEARCH_USER_PATHS = NO;
				CLANG_ANALYZER_NONNULL = YES;
				CLANG_ANALYZER_NUMBER_OBJECT_CONVERSION = YES_AGGRESSIVE;
				CLANG_CXX_LANGUAGE_STANDARD = "gnu++14";
				CLANG_CXX_LIBRARY = "libc++";
				CLANG_ENABLE_MODULES = YES;
				CLANG_ENABLE_OBJC_ARC = YES;
				CLANG_ENABLE_OBJC_WEAK = YES;
				CLANG_WARN_BLOCK_CAPTURE_AUTORELEASING = YES;
				CLANG_WARN_BOOL_CONVERSION = YES;
				CLANG_WARN_COMMA = YES;
				CLANG_WARN_CONSTANT_CONVERSION = YES;
				CLANG_WARN_DEPRECATED_OBJC_IMPLEMENTATIONS = YES;
				CLANG_WARN_DIRECT_OBJC_ISA_USAGE = YES_ERROR;
				CLANG_WARN_DOCUMENTATION_COMMENTS = YES;
				CLANG_WARN_EMPTY_BODY = YES;
				CLANG_WARN_ENUM_CONVERSION = YES;
				CLANG_WARN_INFINITE_RECURSION = YES;
				CLANG_WARN_INT_CONVERSION = YES;
				CLANG_WARN_NON_LITERAL_NULL_CONVERSION = YES;
				CLANG_WARN_OBJC_IMPLICIT_RETAIN_SELF = YES;
				CLANG_WARN_OBJC_LITERAL_CONVERSION = YES;
				CLANG_WARN_OBJC_ROOT_CLASS = YES_ERROR;
				CLANG_WARN_RANGE_LOOP_ANALYSIS = YES;
				CLANG_WARN_STRICT_PROTOTYPES = YES;
				CLANG_WARN_SUSPICIOUS_MOVE = YES;
				CLANG_WARN_UNGUARDED_AVAILABILITY = YES_AGGRESSIVE;
				CLANG_WARN_UNREACHABLE_CODE = YES;
				CLANG_WARN__DUPLICATE_METHOD_MATCH = YES;
				CODE_SIGN_IDENTITY = "iPhone Developer";
				COPY_PHASE_STRIP = NO;
				DEBUG_INFORMATION_FORMAT = dwarf;
				ENABLE_STRICT_OBJC_MSGSEND = YES;
				ENABLE_TESTABILITY = YES;
				GCC_C_LANGUAGE_STANDARD = gnu11;
				GCC_DYNAMIC_NO_PIC = NO;
				GCC_NO_COMMON_BLOCKS = YES;
				GCC_OPTIMIZATION_LEVEL = 0;
				GCC_PREPROCESSOR_DEFINITIONS = (
					"DEBUG=1",
					"$(inherited)",
				);
				GCC_WARN_64_TO_32_BIT_CONVERSION = YES;
				GCC_WARN_ABOUT_RETURN_TYPE = YES_ERROR;
				GCC_WARN_UNDECLARED_SELECTOR = YES;
				GCC_WARN_UNINITIALIZED_AUTOS = YES_AGGRESSIVE;
				GCC_WARN_UNUSED_FUNCTION = YES;
				GCC_WARN_UNUSED_VARIABLE = YES;
				IPHONEOS_DEPLOYMENT_TARGET = 12.1;
				MTL_ENABLE_DEBUG_INFO = INCLUDE_SOURCE;
				MTL_FAST_MATH = YES;
				ONLY_ACTIVE_ARCH = YES;
				SDKROOT = iphoneos;
				SWIFT_ACTIVE_COMPILATION_CONDITIONS = DEBUG;
				SWIFT_OPTIMIZATION_LEVEL = "-Onone";
			};
			name = Debug;
		};
		2B1090F322DE2991005C9459 /* Release */ = {
			isa = XCBuildConfiguration;
			buildSettings = {
				ALWAYS_SEARCH_USER_PATHS = NO;
				CLANG_ANALYZER_NONNULL = YES;
				CLANG_ANALYZER_NUMBER_OBJECT_CONVERSION = YES_AGGRESSIVE;
				CLANG_CXX_LANGUAGE_STANDARD = "gnu++14";
				CLANG_CXX_LIBRARY = "libc++";
				CLANG_ENABLE_MODULES = YES;
				CLANG_ENABLE_OBJC_ARC = YES;
				CLANG_ENABLE_OBJC_WEAK = YES;
				CLANG_WARN_BLOCK_CAPTURE_AUTORELEASING = YES;
				CLANG_WARN_BOOL_CONVERSION = YES;
				CLANG_WARN_COMMA = YES;
				CLANG_WARN_CONSTANT_CONVERSION = YES;
				CLANG_WARN_DEPRECATED_OBJC_IMPLEMENTATIONS = YES;
				CLANG_WARN_DIRECT_OBJC_ISA_USAGE = YES_ERROR;
				CLANG_WARN_DOCUMENTATION_COMMENTS = YES;
				CLANG_WARN_EMPTY_BODY = YES;
				CLANG_WARN_ENUM_CONVERSION = YES;
				CLANG_WARN_INFINITE_RECURSION = YES;
				CLANG_WARN_INT_CONVERSION = YES;
				CLANG_WARN_NON_LITERAL_NULL_CONVERSION = YES;
				CLANG_WARN_OBJC_IMPLICIT_RETAIN_SELF = YES;
				CLANG_WARN_OBJC_LITERAL_CONVERSION = YES;
				CLANG_WARN_OBJC_ROOT_CLASS = YES_ERROR;
				CLANG_WARN_RANGE_LOOP_ANALYSIS = YES;
				CLANG_WARN_STRICT_PROTOTYPES = YES;
				CLANG_WARN_SUSPICIOUS_MOVE = YES;
				CLANG_WARN_UNGUARDED_AVAILABILITY = YES_AGGRESSIVE;
				CLANG_WARN_UNREACHABLE_CODE = YES;
				CLANG_WARN__DUPLICATE_METHOD_MATCH = YES;
				CODE_SIGN_IDENTITY = "iPhone Developer";
				COPY_PHASE_STRIP = NO;
				DEBUG_INFORMATION_FORMAT = "dwarf-with-dsym";
				ENABLE_NS_ASSERTIONS = NO;
				ENABLE_STRICT_OBJC_MSGSEND = YES;
				GCC_C_LANGUAGE_STANDARD = gnu11;
				GCC_NO_COMMON_BLOCKS = YES;
				GCC_WARN_64_TO_32_BIT_CONVERSION = YES;
				GCC_WARN_ABOUT_RETURN_TYPE = YES_ERROR;
				GCC_WARN_UNDECLARED_SELECTOR = YES;
				GCC_WARN_UNINITIALIZED_AUTOS = YES_AGGRESSIVE;
				GCC_WARN_UNUSED_FUNCTION = YES;
				GCC_WARN_UNUSED_VARIABLE = YES;
				IPHONEOS_DEPLOYMENT_TARGET = 12.1;
				MTL_ENABLE_DEBUG_INFO = NO;
				MTL_FAST_MATH = YES;
				SDKROOT = iphoneos;
				SWIFT_COMPILATION_MODE = wholemodule;
				SWIFT_OPTIMIZATION_LEVEL = "-O";
				VALIDATE_PRODUCT = YES;
			};
			name = Release;
		};
		2B1090F522DE2991005C9459 /* Debug */ = {
			isa = XCBuildConfiguration;
			buildSettings = {
				ASSETCATALOG_COMPILER_APPICON_NAME = AppIcon;
				CODE_SIGN_STYLE = Automatic;
				INFOPLIST_FILE = "Whats The Weather/Info.plist";
				LD_RUNPATH_SEARCH_PATHS = (
					"$(inherited)",
					"@executable_path/Frameworks",
				);
				PRODUCT_BUNDLE_IDENTIFIER = "com.solaymanrana.Whats-The-Weather";
				PRODUCT_NAME = "$(TARGET_NAME)";
				SWIFT_VERSION = 4.2;
				TARGETED_DEVICE_FAMILY = "1,2";
			};
			name = Debug;
		};
		2B1090F622DE2991005C9459 /* Release */ = {
			isa = XCBuildConfiguration;
			buildSettings = {
				ASSETCATALOG_COMPILER_APPICON_NAME = AppIcon;
				CODE_SIGN_STYLE = Automatic;
				INFOPLIST_FILE = "Whats The Weather/Info.plist";
				LD_RUNPATH_SEARCH_PATHS = (
					"$(inherited)",
					"@executable_path/Frameworks",
				);
				PRODUCT_BUNDLE_IDENTIFIER = "com.solaymanrana.Whats-The-Weather";
				PRODUCT_NAME = "$(TARGET_NAME)";
				SWIFT_VERSION = 4.2;
				TARGETED_DEVICE_FAMILY = "1,2";
			};
			name = Release;
		};
		2B1090F822DE2991005C9459 /* Debug */ = {
			isa = XCBuildConfiguration;
			buildSettings = {
				ALWAYS_EMBED_SWIFT_STANDARD_LIBRARIES = YES;
				BUNDLE_LOADER = "$(TEST_HOST)";
				CODE_SIGN_STYLE = Automatic;
				INFOPLIST_FILE = "Whats The WeatherTests/Info.plist";
				LD_RUNPATH_SEARCH_PATHS = (
					"$(inherited)",
					"@executable_path/Frameworks",
					"@loader_path/Frameworks",
				);
				PRODUCT_BUNDLE_IDENTIFIER = "com.solaymanrana.Whats-The-WeatherTests";
				PRODUCT_NAME = "$(TARGET_NAME)";
				SWIFT_VERSION = 4.2;
				TARGETED_DEVICE_FAMILY = "1,2";
				TEST_HOST = "$(BUILT_PRODUCTS_DIR)/Whats The Weather.app/Whats The Weather";
			};
			name = Debug;
		};
		2B1090F922DE2991005C9459 /* Release */ = {
			isa = XCBuildConfiguration;
			buildSettings = {
				ALWAYS_EMBED_SWIFT_STANDARD_LIBRARIES = YES;
				BUNDLE_LOADER = "$(TEST_HOST)";
				CODE_SIGN_STYLE = Automatic;
				INFOPLIST_FILE = "Whats The WeatherTests/Info.plist";
				LD_RUNPATH_SEARCH_PATHS = (
					"$(inherited)",
					"@executable_path/Frameworks",
					"@loader_path/Frameworks",
				);
				PRODUCT_BUNDLE_IDENTIFIER = "com.solaymanrana.Whats-The-WeatherTests";
				PRODUCT_NAME = "$(TARGET_NAME)";
				SWIFT_VERSION = 4.2;
				TARGETED_DEVICE_FAMILY = "1,2";
				TEST_HOST = "$(BUILT_PRODUCTS_DIR)/Whats The Weather.app/Whats The Weather";
			};
			name = Release;
		};
		2B1090FB22DE2991005C9459 /* Debug */ = {
			isa = XCBuildConfiguration;
			buildSettings = {
				ALWAYS_EMBED_SWIFT_STANDARD_LIBRARIES = YES;
				CODE_SIGN_STYLE = Automatic;
				INFOPLIST_FILE = "Whats The WeatherUITests/Info.plist";
				LD_RUNPATH_SEARCH_PATHS = (
					"$(inherited)",
					"@executable_path/Frameworks",
					"@loader_path/Frameworks",
				);
				PRODUCT_BUNDLE_IDENTIFIER = "com.solaymanrana.Whats-The-WeatherUITests";
				PRODUCT_NAME = "$(TARGET_NAME)";
				SWIFT_VERSION = 4.2;
				TARGETED_DEVICE_FAMILY = "1,2";
				TEST_TARGET_NAME = "Whats The Weather";
			};
			name = Debug;
		};
		2B1090FC22DE2991005C9459 /* Release */ = {
			isa = XCBuildConfiguration;
			buildSettings = {
				ALWAYS_EMBED_SWIFT_STANDARD_LIBRARIES = YES;
				CODE_SIGN_STYLE = Automatic;
				INFOPLIST_FILE = "Whats The WeatherUITests/Info.plist";
				LD_RUNPATH_SEARCH_PATHS = (
					"$(inherited)",
					"@executable_path/Frameworks",
					"@loader_path/Frameworks",
				);
				PRODUCT_BUNDLE_IDENTIFIER = "com.solaymanrana.Whats-The-WeatherUITests";
				PRODUCT_NAME = "$(TARGET_NAME)";
				SWIFT_VERSION = 4.2;
				TARGETED_DEVICE_FAMILY = "1,2";
				TEST_TARGET_NAME = "Whats The Weather";
			};
			name = Release;
		};
/* End XCBuildConfiguration section */

/* Begin XCConfigurationList section */
		2B1090C722DE2990005C9459 /* Build configuration list for PBXProject "Whats The Weather" */ = {
			isa = XCConfigurationList;
			buildConfigurations = (
				2B1090F222DE2991005C9459 /* Debug */,
				2B1090F322DE2991005C9459 /* Release */,
			);
			defaultConfigurationIsVisible = 0;
			defaultConfigurationName = Release;
		};
		2B1090F422DE2991005C9459 /* Build configuration list for PBXNativeTarget "Whats The Weather" */ = {
			isa = XCConfigurationList;
			buildConfigurations = (
				2B1090F522DE2991005C9459 /* Debug */,
				2B1090F622DE2991005C9459 /* Release */,
			);
			defaultConfigurationIsVisible = 0;
			defaultConfigurationName = Release;
		};
		2B1090F722DE2991005C9459 /* Build configuration list for PBXNativeTarget "Whats The WeatherTests" */ = {
			isa = XCConfigurationList;
			buildConfigurations = (
				2B1090F822DE2991005C9459 /* Debug */,
				2B1090F922DE2991005C9459 /* Release */,
			);
			defaultConfigurationIsVisible = 0;
			defaultConfigurationName = Release;
		};
		2B1090FA22DE2991005C9459 /* Build configuration list for PBXNativeTarget "Whats The WeatherUITests" */ = {
			isa = XCConfigurationList;
			buildConfigurations = (
				2B1090FB22DE2991005C9459 /* Debug */,
				2B1090FC22DE2991005C9459 /* Release */,
			);
			defaultConfigurationIsVisible = 0;
			defaultConfigurationName = Release;
		};
/* End XCConfigurationList section */
	};
	rootObject = 2B1090C422DE2990005C9459 /* Project object */;
}
